{
  "name": "entries-extra",
  "version": "0.2.2",
  "lockfileVersion": 1,
  "requires": true,
  "dependencies": {
    "entries-equal": {
      "version": "0.1.5",
      "resolved": "https://registry.npmjs.org/entries-equal/-/entries-equal-0.1.5.tgz",
      "integrity": "sha512-bC6b1MmzIsQALQbCAt/xhloPx37e6GU/k9ZsRS98XxUZNkmnW+lKiiTj4uV/6SA23KKvj72WuLUABrwQVOnizg==",
      "dev": true
    },
    "entries-every": {
      "version": "0.1.6",
      "resolved": "https://registry.npmjs.org/entries-every/-/entries-every-0.1.6.tgz",
      "integrity": "sha512-nOSLSRUqu/0y03v8WHtbxXfGu5ZZgZYHhrP6hbe7zIAAehMO9edU1pbLgtk+sogaxiirkebfEYIpeYWojgBPXw==",
      "dev": true
    },
    "entries-filter": {
      "version": "0.1.5",
      "resolved": "https://registry.npmjs.org/entries-filter/-/entries-filter-0.1.5.tgz",
      "integrity": "sha512-uTr2AsfOJbmFmXHqtgOI48ncEJ5w6l9rlTqlbibNb2qIgs/tLrALzHIiOG88x1zYt1tCRyTjFDKMXcfgGQtpXw==",
      "dev": true
    },
    "entries-find": {
      "version": "0.1.5",
      "resolved": "https://registry.npmjs.org/entries-find/-/entries-find-0.1.5.tgz",
      "integrity": "sha512-6x1MUVJak0BL7MdCNJhQUWqo5XMLegKTlWS2ymsQ9ROUXoCUHA3oNpI+ISoOgSGVuRrXWr9Ga33hBY4uLB5slA==",
      "dev": true
    },
    "entries-findall": {
      "version": "0.1.4",
      "resolved": "https://registry.npmjs.org/entries-findall/-/entries-findall-0.1.4.tgz",
      "integrity": "sha512-pNnaAo2qOehKH4LUbtNa58ElGxv0fve6XUflgEs9TKWtrM04y3AKm91wK8O/xm5Pe3nEesLvvwOo7S8g71wDMw==",
      "dev": true
    },
    "entries-findallkeys": {
      "version": "0.1.2",
      "resolved": "https://registry.npmjs.org/entries-findallkeys/-/entries-findallkeys-0.1.2.tgz",
      "integrity": "sha512-K7OwxI2PDc0PEP3NwL6KQs5GAbXJPt09jfvkQqME1IL3lSzlbP81CcL2ybg+qxP6VwdRYLj9qgd7RaNKWcKupw==",
      "dev": true
    },
    "entries-findkey": {
      "version": "0.1.4",
      "resolved": "https://registry.npmjs.org/entries-findkey/-/entries-findkey-0.1.4.tgz",
      "integrity": "sha512-zQGeXR2RsbvnsknNbjt/nTk2pc55t/ddr3NG9Q0xLiRjzxhwGjaoS2ZIOwb+3tMIqE3YUdgd5qUZ42EjubeS3Q==",
      "dev": true
    },
    "entries-foreach": {
      "version": "0.1.5",
      "resolved": "https://registry.npmjs.org/entries-foreach/-/entries-foreach-0.1.5.tgz",
      "integrity": "sha512-u2IU/bvc2CoPEWFgU//2EH6wW31uWLOg8YKd9pGX5K3T7uhBQ1EojsusDn5C7bW1n0h6DuK92JIE9GbEyotU1Q==",
      "dev": true
    },
    "entries-includes": {
      "version": "0.1.3",
      "resolved": "https://registry.npmjs.org/entries-includes/-/entries-includes-0.1.3.tgz",
      "integrity": "sha512-luwHyLXbxLhujmI1pM0gpEwNpeyDf8Y0pPqIwApCW8xiDtOufFycy/nF5PYSX6IU40Umj/BzC+AYCbyRgcgoRA==",
      "dev": true
    },
    "entries-is": {
      "version": "0.1.3",
      "resolved": "https://registry.npmjs.org/entries-is/-/entries-is-0.1.3.tgz",
      "integrity": "sha512-GgYsHBonIo9VmvOJ3yVd6f1EFL81PqclTQ7/NzrC6i5IvWXiLCPj7wMEcLK3Aci2miBkS5UXw2soQzrcCgnAog==",
      "dev": true,
      "requires": {
        "iterable-is": "0.1.5"
      }
    },
    "entries-join": {
      "version": "0.1.4",
      "resolved": "https://registry.npmjs.org/entries-join/-/entries-join-0.1.4.tgz",
      "integrity": "sha512-/LkPTFUVpCpTv96ZuRZDKcXMLFHGi1sPp1hmg3eFJO8YD9WxAdFG8ccqHVOMLSsDFwEGHSSpLfJzEn7rVoC0Fg==",
      "dev": true
    },
    "entries-keyof": {
      "version": "0.1.2",
      "resolved": "https://registry.npmjs.org/entries-keyof/-/entries-keyof-0.1.2.tgz",
      "integrity": "sha512-TX+2N5LfUm3xKELRqhE1RG9dmoS2tTTPKanRXcgWa/LyEYIGNQOu84XP7n9+iLr2JF2mh80j/9MBEwLiPRb8Mg==",
      "dev": true
    },
    "entries-keys": {
      "version": "0.1.2",
      "resolved": "https://registry.npmjs.org/entries-keys/-/entries-keys-0.1.2.tgz",
      "integrity": "sha512-4n2+vUR3GRQwj4adBbTOHHaYA3NOi7qS70+/uvus7kfQAZ2vVaVrzUxUAp9OqueP5maq7Wp9HaDC0eiikBNG8w==",
      "dev": true
    },
    "entries-keysof": {
      "version": "0.1.2",
      "resolved": "https://registry.npmjs.org/entries-keysof/-/entries-keysof-0.1.2.tgz",
      "integrity": "sha512-CR0R/1eBcE0D5bkhqi9QtHUWo6SCGDzvJ3cb5N1B1uU+Ob8v+md+O8T0UqqbyEIfIIdwbmhtCEPli7uovflwxw==",
      "dev": true
    },
    "entries-map": {
      "version": "0.1.6",
      "resolved": "https://registry.npmjs.org/entries-map/-/entries-map-0.1.6.tgz",
      "integrity": "sha512-MP4qE8XTsmIvtH+KqGbQoHcu93d+D47aN5xrdysQ78h9GmMkooot7BuzQgK3dlC5tn3c5jawr5QOtTFQxEY6MA==",
      "dev": true
    },
    "entries-reduce": {
      "version": "0.1.7",
      "resolved": "https://registry.npmjs.org/entries-reduce/-/entries-reduce-0.1.7.tgz",
      "integrity": "sha512-4NBQdQH7TchqDQjMb+DFa8rWCZD9nk7kSMKyLwbl+QL06zWowbFw3/7UYWHYQEmSYcAdyDiYRMclqk3j6TbN4A==",
      "dev": true
    },
    "entries-some": {
      "version": "0.1.6",
      "resolved": "https://registry.npmjs.org/entries-some/-/entries-some-0.1.6.tgz",
      "integrity": "sha512-Vd+u87jtWEZYGq3ca/yZDwgy2DIu5km4IJzt60tDfqn/jDbDA0Kn+39XYGLcW5eVQl7nScXpxweUGV8kk84V4g==",
      "dev": true
    },
    "entries-values": {
      "version": "0.1.2",
      "resolved": "https://registry.npmjs.org/entries-values/-/entries-values-0.1.2.tgz",
      "integrity": "sha512-JDiKzY3iHtMOyVWh9XeH4xmL92+ix2RtxRgJTgUVwsi3F2pX8YTCD8nIPjnlnXgYELW7Zy7iVYvjEzdljEHbNw==",
      "dev": true
    },
    "iterable-concat": {
      "version": "0.1.6",
      "resolved": "https://registry.npmjs.org/iterable-concat/-/iterable-concat-0.1.6.tgz",
      "integrity": "sha512-ZceUU1RjUB6P3QaQQyqcYksx4Bf3fNUwTAdiaDMye0alqSuk4s1c/0rsfv+XjD2HoCWLEeuUADPQ7r+IakP5BQ==",
      "dev": true
    },
    "iterable-first": {
      "version": "0.1.6",
      "resolved": "https://registry.npmjs.org/iterable-first/-/iterable-first-0.1.6.tgz",
      "integrity": "sha512-D5v4s7vgu9HGfNX5Wh4BmsUNPtE5fbJbT72RE9jnV9BvHz1AQVbdgNHIR05RtoJdiv64JFGoa3QtdQ+oqO0DeA==",
      "dev": true
    },
    "iterable-is": {
      "version": "0.1.5",
      "resolved": "https://registry.npmjs.org/iterable-is/-/iterable-is-0.1.5.tgz",
      "integrity": "sha512-djFy7DXyOYYpWucGcNn47wp4AzgjlFKTdb2MQg78qo7GPBvjVb2mSVv322qDYOSWNNnxY9Xcc3wJ/KKSmuhJLA==",
      "dev": true
    },
    "iterable-last": {
      "version": "0.1.7",
      "resolved": "https://registry.npmjs.org/iterable-last/-/iterable-last-0.1.7.tgz",
      "integrity": "sha512-ccBAtLIXj0QzF4Ozs7P4PQAJ3x02ofEkLZUIlEjn9eQVSzlLBi2Jk48HXZiNCS8IfGLDvdBFXstrk+MYKTzG7A==",
      "dev": true
    },
    "iterable-middle": {
      "version": "0.1.4",
      "resolved": "https://registry.npmjs.org/iterable-middle/-/iterable-middle-0.1.4.tgz",
      "integrity": "sha512-p4clQ0wW0ht8a2SfcxKM/wmH9897AVnpLYnrMs5hA3oYrr94n2DXN69t9m1qafo379D0r4LocxKqmODWcBDMGg==",
      "dev": true,
      "requires": {
        "iterable-first": "0.1.6",
        "iterable-last": "0.1.7"
      }
    },
    "iterable-size": {
      "version": "0.1.4",
      "resolved": "https://registry.npmjs.org/iterable-size/-/iterable-size-0.1.4.tgz",
      "integrity": "sha512-jZy9Av30oslfpnYuVunUXI4a6CIBJlyCll1yxQegtj50zW9zqlk+ikKyZeXiK4oE4IYeee2Ye7ZTIXogBfZ+ig==",
      "dev": true
    }
  }
}
